
Microsoft Visual Studio Solution File, Format Version 12.00
Project("{FAE04EC0-301F-11D3-BF4B-00C04F79EFBC}") = "CSharpChallenge", "CSharpChallenge\CSharpChallenge.csproj", "{7A59F525-DA6E-42FF-B334-1F0C8769E259}"
EndProject
Global
	GlobalSection(SolutionConfigurationPlatforms) = preSolution
		Debug|Any CPU = Debug|Any CPU
		Release|Any CPU = Release|Any CPU
	EndGlobalSection
	GlobalSection(ProjectConfigurationPlatforms) = postSolution
		{7A59F525-DA6E-42FF-B334-1F0C8769E259}.Debug|Any CPU.ActiveCfg = Debug|Any CPU
		{7A59F525-DA6E-42FF-B334-1F0C8769E259}.Debug|Any CPU.Build.0 = Debug|Any CPU
		{7A59F525-DA6E-42FF-B334-1F0C8769E259}.Release|Any CPU.ActiveCfg = Release|Any CPU
		{7A59F525-DA6E-42FF-B334-1F0C8769E259}.Release|Any CPU.Build.0 = Release|Any CPU
	EndGlobalSection
EndGlobal
